{
  "version": 4,
  "terraform_version": "1.5.6",
  "serial": 34,
  "lineage": "88a194de-f15d-7ac7-95d5-71f2f3d74a1e",
  "outputs": {
    "filename1": {
      "value": {
        "hello-0.txt": "Hello world - 0",
        "hello-1.txt": "Hello world - 1",
        "hello-2.txt": "Hello world - 2",
        "hello-3.txt": "Hello world - 3",
        "hello-4.txt": "Hello world - 4"
      },
      "type": [
        "object",
        {
          "hello-0.txt": "string",
          "hello-1.txt": "string",
          "hello-2.txt": "string",
          "hello-3.txt": "string",
          "hello-4.txt": "string"
        }
      ]
    },
    "filename2": {
      "value": {
        "dev.txt": "Hello dev",
        "qa.txt": "Hello qa"
      },
      "type": [
        "object",
        {
          "dev.txt": "string",
          "qa.txt": "string"
        }
      ]
    }
  },
  "resources": [
    {
      "mode": "managed",
      "type": "local_file",
      "name": "myfile",
      "provider": "provider[\"registry.terraform.io/hashicorp/local\"]",
      "instances": [
        {
          "index_key": 0,
          "schema_version": 0,
          "attributes": {
            "content": "Hello world - 0",
            "content_base64": null,
            "content_base64sha256": "HHao7/ERfRjiXqR/Ov37Fvd3R0shV9QaZ+2lVU7NGI4=",
            "content_base64sha512": "RwGylfQc0EaWs5PAgrt402sMw3Y+zKTbBeYoAHSEM9ewdvq6e4hQt2WVTal4+37exJ7Du+eOFzmwpZ2dgIT6dA==",
            "content_md5": "ac280282b8c6df4c75ab380c17d26a39",
            "content_sha1": "32de2ee4cb515a5e0462796a851b2c8f69e575de",
            "content_sha256": "1c76a8eff1117d18e25ea47f3afdfb16f777474b2157d41a67eda5554ecd188e",
            "content_sha512": "4701b295f41cd04696b393c082bb78d36b0cc3763ecca4db05e62800748433d7b076faba7b8850b765954da978fb7edec49ec3bbe78e1739b0a59d9d8084fa74",
            "directory_permission": "0777",
            "file_permission": "0777",
            "filename": "hello-0.txt",
            "id": "32de2ee4cb515a5e0462796a851b2c8f69e575de",
            "sensitive_content": null,
            "source": null
          },
          "sensitive_attributes": []
        },
        {
          "index_key": 1,
          "schema_version": 0,
          "attributes": {
            "content": "Hello world - 1",
            "content_base64": null,
            "content_base64sha256": "jW3ADSQ1rHR+NRgx7OhXLUn8z9Pa6SV8ffA4nMzfxVM=",
            "content_base64sha512": "io/ZWeyqr+Z+w3PSRTgWU2Ou3UGZbMlqvqswQdjnWf6GgkI0kBon1hhB58T3gF50g+VQ8Sjstogd3xjVK061ZA==",
            "content_md5": "2e3c427b57742f7dda4866ee40351703",
            "content_sha1": "0dfa86e99128f879cb44d7c66a7e901bd914804b",
            "content_sha256": "8d6dc00d2435ac747e351831ece8572d49fccfd3dae9257c7df0389cccdfc553",
            "content_sha512": "8a8fd959ecaaafe67ec373d24538165363aedd41996cc96abeab3041d8e759fe86824234901a27d61841e7c4f7805e7483e550f128ecb6881ddf18d52b4eb564",
            "directory_permission": "0777",
            "file_permission": "0777",
            "filename": "hello-1.txt",
            "id": "0dfa86e99128f879cb44d7c66a7e901bd914804b",
            "sensitive_content": null,
            "source": null
          },
          "sensitive_attributes": []
        },
        {
          "index_key": 2,
          "schema_version": 0,
          "attributes": {
            "content": "Hello world - 2",
            "content_base64": null,
            "content_base64sha256": "zz3nH7vz0TXRjLK1LDWOaD08VGk4a8VJCnbm0dBEciI=",
            "content_base64sha512": "D4aEWdA8lA1dukTykksRLYLh6hFB/L5JmGk/RzXVwBT5ivm9Vjpf7Hvt4nlxV3S+mDVWambG7uDSakFmuCknkw==",
            "content_md5": "6a5432fbe9a0bca43df02af274276e1f",
            "content_sha1": "7293eb442252d6459f4796ad0096d8c9aff4cf28",
            "content_sha256": "cf3de71fbbf3d135d18cb2b52c358e683d3c5469386bc5490a76e6d1d0447222",
            "content_sha512": "0f868459d03c940d5dba44f2924b112d82e1ea1141fcbe4998693f4735d5c014f98af9bd563a5fec7bede279715774be9835566a66c6eee0d26a4166b8292793",
            "directory_permission": "0777",
            "file_permission": "0777",
            "filename": "hello-2.txt",
            "id": "7293eb442252d6459f4796ad0096d8c9aff4cf28",
            "sensitive_content": null,
            "source": null
          },
          "sensitive_attributes": []
        },
        {
          "index_key": 3,
          "schema_version": 0,
          "attributes": {
            "content": "Hello world - 3",
            "content_base64": null,
            "content_base64sha256": "FmODqh50Q6DWyskqfWvJq5wzx4kYgnAJP9foa6EXptw=",
            "content_base64sha512": "zBk2X9RRvQHMvt3bABYhcH5feBZ7TenUXKsCl/NMaUqStcWbuQD5bi20b2BaispsNWZrCVXwofYqPS6q3Zjdwg==",
            "content_md5": "d2ead8377468c4c17e6d8cf970dfbf8c",
            "content_sha1": "b04731047192b05c3d5efd7bff0abfc67b37da07",
            "content_sha256": "166383aa1e7443a0d6cac92a7d6bc9ab9c33c789188270093fd7e86ba117a6dc",
            "content_sha512": "cc19365fd451bd01ccbedddb001621707e5f78167b4de9d45cab0297f34c694a92b5c59bb900f96e2db46f605a8aca6c35666b0955f0a1f62a3d2eaadd98ddc2",
            "directory_permission": "0777",
            "file_permission": "0777",
            "filename": "hello-3.txt",
            "id": "b04731047192b05c3d5efd7bff0abfc67b37da07",
            "sensitive_content": null,
            "source": null
          },
          "sensitive_attributes": []
        },
        {
          "index_key": 4,
          "schema_version": 0,
          "attributes": {
            "content": "Hello world - 4",
            "content_base64": null,
            "content_base64sha256": "3IKDNMnfg8A/PXzfdGvNwGz3lZSH+Aue5GKbEIhu2Qs=",
            "content_base64sha512": "1qklzQT55i5chRnMLCER0xFwz8Mk7HFEfrLSy8Q/sjHcvploVUX0kCKYw1BrlIO5D5zgy1yWQL6/V9ZSFw0x2g==",
            "content_md5": "8f75da2f0526a09b6d1281bd3a7425c2",
            "content_sha1": "f722ecf41da99a0e8205136c4bbf2eece8234b76",
            "content_sha256": "dc828334c9df83c03f3d7cdf746bcdc06cf7959487f80b9ee4629b10886ed90b",
            "content_sha512": "d6a925cd04f9e62e5c8519cc2c2111d31170cfc324ec71447eb2d2cbc43fb231dcbe99685545f4902298c3506b9483b90f9ce0cb5c9640bebf57d652170d31da",
            "directory_permission": "0777",
            "file_permission": "0777",
            "filename": "hello-4.txt",
            "id": "f722ecf41da99a0e8205136c4bbf2eece8234b76",
            "sensitive_content": null,
            "source": null
          },
          "sensitive_attributes": []
        }
      ]
    },
    {
      "mode": "managed",
      "type": "local_file",
      "name": "myfile1",
      "provider": "provider[\"registry.terraform.io/hashicorp/local\"]",
      "instances": [
        {
          "index_key": "dev",
          "schema_version": 0,
          "attributes": {
            "content": "Hello dev",
            "content_base64": null,
            "content_base64sha256": "IOViNMWa2AKVLJ425KlDxgvN9W9NX4pFIea3xDnvUoU=",
            "content_base64sha512": "GMlG4HgT+L5SdMp/ZGMRSjKlabQNZs9QzMXi30XoFKHSrAi8TkVBsmlv+EVx6A4yCP8+j6LqX9geW4dM6CRf5A==",
            "content_md5": "091003bc7dc07471bb7c4110876f0630",
            "content_sha1": "aa3e0996dea72e1ae18f94b65148fe992d097f86",
            "content_sha256": "20e56234c59ad802952c9e36e4a943c60bcdf56f4d5f8a4521e6b7c439ef5285",
            "content_sha512": "18c946e07813f8be5274ca7f6463114a32a569b40d66cf50ccc5e2df45e814a1d2ac08bc4e4541b2696ff84571e80e3208ff3e8fa2ea5fd81e5b874ce8245fe4",
            "directory_permission": "0777",
            "file_permission": "0777",
            "filename": "dev.txt",
            "id": "aa3e0996dea72e1ae18f94b65148fe992d097f86",
            "sensitive_content": null,
            "source": null
          },
          "sensitive_attributes": []
        },
        {
          "index_key": "qa",
          "schema_version": 0,
          "attributes": {
            "content": "Hello qa",
            "content_base64": null,
            "content_base64sha256": "EX7TFU7k52fq0cj+BpwugItIuA1Ka5J6kQw3b5j941s=",
            "content_base64sha512": "rCwAa7OiM80iDZrwwU7UrBvhFDO+0oUvIJCCHVqzZucybrARBGLT+twhPKBEQ8rkqU2/O+HYI+60XVZun0pRiQ==",
            "content_md5": "52d335e2bae2c019d4aaeec992a4997f",
            "content_sha1": "1ea4439e00300058e2179e63e87417eddf76efb7",
            "content_sha256": "117ed3154ee4e767ead1c8fe069c2e808b48b80d4a6b927a910c376f98fde35b",
            "content_sha512": "ac2c006bb3a233cd220d9af0c14ed4ac1be11433bed2852f2090821d5ab366e7326eb0110462d3fadc213ca04443cae4a94dbf3be1d823eeb45d566e9f4a5189",
            "directory_permission": "0777",
            "file_permission": "0777",
            "filename": "qa.txt",
            "id": "1ea4439e00300058e2179e63e87417eddf76efb7",
            "sensitive_content": null,
            "source": null
          },
          "sensitive_attributes": []
        }
      ]
    }
  ],
  "check_results": null
}
